
Microsoft Visual Studio Solution File, Format Version 12.00
# Visual Studio Version 17
VisualStudioVersion = 17.5.002.0
MinimumVisualStudioVersion = 10.0.40219.1
Project("{2150E333-8FDC-42A3-9474-1A3956D46DE8}") = "backend", "backend", "{3DAA8AD2-32CF-4EE6-A647-91F4E39F7CE0}"
EndProject
Project("{9A19103F-16F7-4668-BE54-9A1E7A4F7556}") = "newAmazon.API", "backend\newAmazon.API\newAmazon.API.csproj", "{30EC4B5C-A46C-4A5D-8377-15706C2E8397}"
EndProject
Global
	GlobalSection(SolutionConfigurationPlatforms) = preSolution
		Debug|Any CPU = Debug|Any CPU
		Release|Any CPU = Release|Any CPU
	EndGlobalSection
	GlobalSection(ProjectConfigurationPlatforms) = postSolution
		{30EC4B5C-A46C-4A5D-8377-15706C2E8397}.Debug|Any CPU.ActiveCfg = Debug|Any CPU
		{30EC4B5C-A46C-4A5D-8377-15706C2E8397}.Debug|Any CPU.Build.0 = Debug|Any CPU
		{30EC4B5C-A46C-4A5D-8377-15706C2E8397}.Release|Any CPU.ActiveCfg = Release|Any CPU
		{30EC4B5C-A46C-4A5D-8377-15706C2E8397}.Release|Any CPU.Build.0 = Release|Any CPU
	EndGlobalSection
	GlobalSection(SolutionProperties) = preSolution
		HideSolutionNode = FALSE
	EndGlobalSection
	GlobalSection(NestedProjects) = preSolution
		{30EC4B5C-A46C-4A5D-8377-15706C2E8397} = {3DAA8AD2-32CF-4EE6-A647-91F4E39F7CE0}
	EndGlobalSection
	GlobalSection(ExtensibilityGlobals) = postSolution
		SolutionGuid = {7A2A65C9-FA06-49F4-970E-4CD4EAC09A17}
	EndGlobalSection
EndGlobal
